
Microsoft Visual Studio Solution File, Format Version 12.00
# Visual Studio Version 17
VisualStudioVersion = 17.13.35919.96 d17.13
MinimumVisualStudioVersion = 10.0.40219.1
Project("{FAE04EC0-301F-11D3-BF4B-00C04F79EFBC}") = "WebApI-1", "WebApI-1\WebApI-1.csproj", "{C03318A9-926B-4A3F-91B7-57C8C5BC42FE}"
EndProject
Global
	GlobalSection(SolutionConfigurationPlatforms) = preSolution
		Debug|Any CPU = Debug|Any CPU
		Release|Any CPU = Release|Any CPU
	EndGlobalSection
	GlobalSection(ProjectConfigurationPlatforms) = postSolution
		{C03318A9-926B-4A3F-91B7-57C8C5BC42FE}.Debug|Any CPU.ActiveCfg = Debug|Any CPU
		{C03318A9-926B-4A3F-91B7-57C8C5BC42FE}.Debug|Any CPU.Build.0 = Debug|Any CPU
		{C03318A9-926B-4A3F-91B7-57C8C5BC42FE}.Release|Any CPU.ActiveCfg = Release|Any CPU
		{C03318A9-926B-4A3F-91B7-57C8C5BC42FE}.Release|Any CPU.Build.0 = Release|Any CPU
	EndGlobalSection
	GlobalSection(SolutionProperties) = preSolution
		HideSolutionNode = FALSE
	EndGlobalSection
	GlobalSection(ExtensibilityGlobals) = postSolution
		SolutionGuid = {3A5B7F16-D8A4-47FD-830C-DC4B4B37AEDA}
	EndGlobalSection
EndGlobal
